// !$*UTF8*$!
{
	archiveVersion = 1;
	classes = {
	};
	objectVersion = 77;
	objects = {

/* Begin PBXContainerItemProxy section */
		D07C90D02E20AC65000C1311 /* PBXContainerItemProxy */ = {
			isa = PBXContainerItemProxy;
			containerPortal = D07C90B12E20AC63000C1311 /* Project object */;
			proxyType = 1;
			remoteGlobalIDString = D07C90B82E20AC63000C1311;
			remoteInfo = QuickMed;
		};
		D07C90DA2E20AC65000C1311 /* PBXContainerItemProxy */ = {
			isa = PBXContainerItemProxy;
			containerPortal = D07C90B12E20AC63000C1311 /* Project object */;
			proxyType = 1;
			remoteGlobalIDString = D07C90B82E20AC63000C1311;
			remoteInfo = QuickMed;
		};
/* End PBXContainerItemProxy section */

/* Begin PBXFileReference section */
		D07C90B92E20AC63000C1311 /* QuickMed.app */ = {isa = PBXFileReference; explicitFileType = wrapper.application; includeInIndex = 0; path = QuickMed.app; sourceTree = BUILT_PRODUCTS_DIR; };
		D07C90CF2E20AC65000C1311 /* QuickMedTests.xctest */ = {isa = PBXFileReference; explicitFileType = wrapper.cfbundle; includeInIndex = 0; path = QuickMedTests.xctest; sourceTree = BUILT_PRODUCTS_DIR; };
		D07C90D92E20AC65000C1311 /* QuickMedUITests.xctest */ = {isa = PBXFileReference; explicitFileType = wrapper.cfbundle; includeInIndex = 0; path = QuickMedUITests.xctest; sourceTree = BUILT_PRODUCTS_DIR; };
/* End PBXFileReference section */

/* Begin PBXFileSystemSynchronizedBuildFileExceptionSet section */
		D07C90E12E20AC65000C1311 /* Exceptions for "QuickMed" folder in "QuickMed" target */ = {
			isa = PBXFileSystemSynchronizedBuildFileExceptionSet;
			membershipExceptions = (
				Info.plist,
			);
			target = D07C90B82E20AC63000C1311 /* QuickMed */;
		};
/* End PBXFileSystemSynchronizedBuildFileExceptionSet section */

/* Begin PBXFileSystemSynchronizedRootGroup section */
		D07C90BB2E20AC63000C1311 /* QuickMed */ = {
			isa = PBXFileSystemSynchronizedRootGroup;
			exceptions = (
				D07C90E12E20AC65000C1311 /* Exceptions for "QuickMed" folder in "QuickMed" target */,
			);
			path = QuickMed;
			sourceTree = "<group>";
		};
		D07C90D22E20AC65000C1311 /* QuickMedTests */ = {
			isa = PBXFileSystemSynchronizedRootGroup;
			path = QuickMedTests;
			sourceTree = "<group>";
		};
		D07C90DC2E20AC65000C1311 /* QuickMedUITests */ = {
			isa = PBXFileSystemSynchronizedRootGroup;
			path = QuickMedUITests;
			sourceTree = "<group>";
		};
/* End PBXFileSystemSynchronizedRootGroup section */

/* Begin PBXFrameworksBuildPhase section */
		D07C90B62E20AC63000C1311 /* Frameworks */ = {
			isa = PBXFrameworksBuildPhase;
			buildActionMask = 2147483647;
			files = (
			);
			runOnlyForDeploymentPostprocessing = 0;
		};
		D07C90CC2E20AC65000C1311 /* Frameworks */ = {
			isa = PBXFrameworksBuildPhase;
			buildActionMask = 2147483647;
			files = (
			);
			runOnlyForDeploymentPostprocessing = 0;
		};
		D07C90D62E20AC65000C1311 /* Frameworks */ = {
			isa = PBXFrameworksBuildPhase;
			buildActionMask = 2147483647;
			files = (
			);
			runOnlyForDeploymentPostprocessing = 0;
		};
/* End PBXFrameworksBuildPhase section */

/* Begin PBXGroup section */
		D07C90B02E20AC63000C1311 = {
			isa = PBXGroup;
			children = (
				D07C90BB2E20AC63000C1311 /* QuickMed */,
				D07C90D22E20AC65000C1311 /* QuickMedTests */,
				D07C90DC2E20AC65000C1311 /* QuickMedUITests */,
				D07C90BA2E20AC63000C1311 /* Products */,
			);
			sourceTree = "<group>";
		};
		D07C90BA2E20AC63000C1311 /* Products */ = {
			isa = PBXGroup;
			children = (
				D07C90B92E20AC63000C1311 /* QuickMed.app */,
				D07C90CF2E20AC65000C1311 /* QuickMedTests.xctest */,
				D07C90D92E20AC65000C1311 /* QuickMedUITests.xctest */,
			);
			name = Products;
			sourceTree = "<group>";
		};
/* End PBXGroup section */

/* Begin PBXNativeTarget section */
		D07C90B82E20AC63000C1311 /* QuickMed */ = {
			isa = PBXNativeTarget;
			buildConfigurationList = D07C90E22E20AC65000C1311 /* Build configuration list for PBXNativeTarget "QuickMed" */;
			buildPhases = (
				D07C90B52E20AC63000C1311 /* Sources */,
				D07C90B62E20AC63000C1311 /* Frameworks */,
				D07C90B72E20AC63000C1311 /* Resources */,
			);
			buildRules = (
			);
			dependencies = (
			);
			fileSystemSynchronizedGroups = (
				D07C90BB2E20AC63000C1311 /* QuickMed */,
			);
			name = QuickMed;
			packageProductDependencies = (
			);
			productName = QuickMed;
			productReference = D07C90B92E20AC63000C1311 /* QuickMed.app */;
			productType = "com.apple.product-type.application";
		};
		D07C90CE2E20AC65000C1311 /* QuickMedTests */ = {
			isa = PBXNativeTarget;
			buildConfigurationList = D07C90E72E20AC65000C1311 /* Build configuration list for PBXNativeTarget "QuickMedTests" */;
			buildPhases = (
				D07C90CB2E20AC65000C1311 /* Sources */,
				D07C90CC2E20AC65000C1311 /* Frameworks */,
				D07C90CD2E20AC65000C1311 /* Resources */,
			);
			buildRules = (
			);
			dependencies = (
				D07C90D12E20AC65000C1311 /* PBXTargetDependency */,
			);
			fileSystemSynchronizedGroups = (
				D07C90D22E20AC65000C1311 /* QuickMedTests */,
			);
			name = QuickMedTests;
			packageProductDependencies = (
			);
			productName = QuickMedTests;
			productReference = D07C90CF2E20AC65000C1311 /* QuickMedTests.xctest */;
			productType = "com.apple.product-type.bundle.unit-test";
		};
		D07C90D82E20AC65000C1311 /* QuickMedUITests */ = {
			isa = PBXNativeTarget;
			buildConfigurationList = D07C90EA2E20AC65000C1311 /* Build configuration list for PBXNativeTarget "QuickMedUITests" */;
			buildPhases = (
				D07C90D52E20AC65000C1311 /* Sources */,
				D07C90D62E20AC65000C1311 /* Frameworks */,
				D07C90D72E20AC65000C1311 /* Resources */,
			);
			buildRules = (
			);
			dependencies = (
				D07C90DB2E20AC65000C1311 /* PBXTargetDependency */,
			);
			fileSystemSynchronizedGroups = (
				D07C90DC2E20AC65000C1311 /* QuickMedUITests */,
			);
			name = QuickMedUITests;
			packageProductDependencies = (
			);
			productName = QuickMedUITests;
			productReference = D07C90D92E20AC65000C1311 /* QuickMedUITests.xctest */;
			productType = "com.apple.product-type.bundle.ui-testing";
		};
/* End PBXNativeTarget section */

/* Begin PBXProject section */
		D07C90B12E20AC63000C1311 /* Project object */ = {
			isa = PBXProject;
			attributes = {
				BuildIndependentTargetsInParallel = 1;
				LastSwiftUpdateCheck = 1610;
				LastUpgradeCheck = 1610;
				TargetAttributes = {
					D07C90B82E20AC63000C1311 = {
						CreatedOnToolsVersion = 16.1;
					};
					D07C90CE2E20AC65000C1311 = {
						CreatedOnToolsVersion = 16.1;
						TestTargetID = D07C90B82E20AC63000C1311;
					};
					D07C90D82E20AC65000C1311 = {
						CreatedOnToolsVersion = 16.1;
						TestTargetID = D07C90B82E20AC63000C1311;
					};
				};
			};
			buildConfigurationList = D07C90B42E20AC63000C1311 /* Build configuration list for PBXProject "QuickMed" */;
			developmentRegion = en;
			hasScannedForEncodings = 0;
			knownRegions = (
				en,
				Base,
			);
			mainGroup = D07C90B02E20AC63000C1311;
			minimizedProjectReferenceProxies = 1;
			preferredProjectObjectVersion = 77;
			productRefGroup = D07C90BA2E20AC63000C1311 /* Products */;
			projectDirPath = "";
			projectRoot = "";
			targets = (
				D07C90B82E20AC63000C1311 /* QuickMed */,
				D07C90CE2E20AC65000C1311 /* QuickMedTests */,
				D07C90D82E20AC65000C1311 /* QuickMedUITests */,
			);
		};
/* End PBXProject section */

/* Begin PBXResourcesBuildPhase section */
		D07C90B72E20AC63000C1311 /* Resources */ = {
			isa = PBXResourcesBuildPhase;
			buildActionMask = 2147483647;
			files = (
			);
			runOnlyForDeploymentPostprocessing = 0;
		};
		D07C90CD2E20AC65000C1311 /* Resources */ = {
			isa = PBXResourcesBuildPhase;
			buildActionMask = 2147483647;
			files = (
			);
			runOnlyForDeploymentPostprocessing = 0;
		};
		D07C90D72E20AC65000C1311 /* Resources */ = {
			isa = PBXResourcesBuildPhase;
			buildActionMask = 2147483647;
			files = (
			);
			runOnlyForDeploymentPostprocessing = 0;
		};
/* End PBXResourcesBuildPhase section */

/* Begin PBXSourcesBuildPhase section */
		D07C90B52E20AC63000C1311 /* Sources */ = {
			isa = PBXSourcesBuildPhase;
			buildActionMask = 2147483647;
			files = (
			);
			runOnlyForDeploymentPostprocessing = 0;
		};
		D07C90CB2E20AC65000C1311 /* Sources */ = {
			isa = PBXSourcesBuildPhase;
			buildActionMask = 2147483647;
			files = (
			);
			runOnlyForDeploymentPostprocessing = 0;
		};
		D07C90D52E20AC65000C1311 /* Sources */ = {
			isa = PBXSourcesBuildPhase;
			buildActionMask = 2147483647;
			files = (
			);
			runOnlyForDeploymentPostprocessing = 0;
		};
/* End PBXSourcesBuildPhase section */

/* Begin PBXTargetDependency section */
		D07C90D12E20AC65000C1311 /* PBXTargetDependency */ = {
			isa = PBXTargetDependency;
			target = D07C90B82E20AC63000C1311 /* QuickMed */;
			targetProxy = D07C90D02E20AC65000C1311 /* PBXContainerItemProxy */;
		};
		D07C90DB2E20AC65000C1311 /* PBXTargetDependency */ = {
			isa = PBXTargetDependency;
			target = D07C90B82E20AC63000C1311 /* QuickMed */;
			targetProxy = D07C90DA2E20AC65000C1311 /* PBXContainerItemProxy */;
		};
/* End PBXTargetDependency section */

/* Begin XCBuildConfiguration section */
		D07C90E32E20AC65000C1311 /* Debug */ = {
			isa = XCBuildConfiguration;
			buildSettings = {
				ASSETCATALOG_COMPILER_APPICON_NAME = AppIcon;
				ASSETCATALOG_COMPILER_GLOBAL_ACCENT_COLOR_NAME = AccentColor;
				CODE_SIGN_ENTITLEMENTS = QuickMed/QuickMedDebug.entitlements;
				CODE_SIGN_IDENTITY = "Apple Development";
				CODE_SIGN_STYLE = Automatic;
				CURRENT_PROJECT_VERSION = 1;
				DEVELOPMENT_TEAM = 7PBXP3GSMY;
				GENERATE_INFOPLIST_FILE = YES;
				INFOPLIST_FILE = QuickMed/Info.plist;
				INFOPLIST_KEY_UIApplicationSupportsIndirectInputEvents = YES;
				INFOPLIST_KEY_UILaunchStoryboardName = LaunchScreen;
				INFOPLIST_KEY_UIMainStoryboardFile = Main;
				INFOPLIST_KEY_UISupportedInterfaceOrientations_iPad = "UIInterfaceOrientationPortrait UIInterfaceOrientationPortraitUpsideDown UIInterfaceOrientationLandscapeLeft UIInterfaceOrientationLandscapeRight";
				INFOPLIST_KEY_UISupportedInterfaceOrientations_iPhone = "UIInterfaceOrientationPortrait UIInterfaceOrientationLandscapeLeft UIInterfaceOrientationLandscapeRight";
				LD_RUNPATH_SEARCH_PATHS = (
					"$(inherited)",
					"@executable_path/Frameworks",
				);
				MARKETING_VERSION = 1.0;
				PRODUCT_BUNDLE_IDENTIFIER = testorg.QuickMed;
				PRODUCT_NAME = "$(TARGET_NAME)";
				PROVISIONING_PROFILE_SPECIFIER = "";
				SWIFT_EMIT_LOC_STRINGS = YES;
				SWIFT_VERSION = 5.0;
				TARGETED_DEVICE_FAMILY = "1,2";
			};
			name = Debug;
		};
		D07C90E42E20AC65000C1311 /* Release */ = {
			isa = XCBuildConfiguration;
			buildSettings = {
				ASSETCATALOG_COMPILER_APPICON_NAME = AppIcon;
				ASSETCATALOG_COMPILER_GLOBAL_ACCENT_COLOR_NAME = AccentColor;
				CODE_SIGN_ENTITLEMENTS = QuickMed/QuickMed.entitlements;
				CODE_SIGN_IDENTITY = "Apple Development";
				CODE_SIGN_STYLE = Automatic;
				CURRENT_PROJECT_VERSION = 1;
				DEVELOPMENT_TEAM = 7PBXP3GSMY;
				GENERATE_INFOPLIST_FILE = YES;
				INFOPLIST_FILE = QuickMed/Info.plist;
				INFOPLIST_KEY_UIApplicationSupportsIndirectInputEvents = YES;
				INFOPLIST_KEY_UILaunchStoryboardName = LaunchScreen;
				INFOPLIST_KEY_UIMainStoryboardFile = Main;
				INFOPLIST_KEY_UISupportedInterfaceOrientations_iPad = "UIInterfaceOrientationPortrait UIInterfaceOrientationPortraitUpsideDown UIInterfaceOrientationLandscapeLeft UIInterfaceOrientationLandscapeRight";
				INFOPLIST_KEY_UISupportedInterfaceOrientations_iPhone = "UIInterfaceOrientationPortrait UIInterfaceOrientationLandscapeLeft UIInterfaceOrientationLandscapeRight";
				LD_RUNPATH_SEARCH_PATHS = (
					"$(inherited)",
					"@executable_path/Frameworks",
				);
				MARKETING_VERSION = 1.0;
				PRODUCT_BUNDLE_IDENTIFIER = testorg.QuickMed;
				PRODUCT_NAME = "$(TARGET_NAME)";
				PROVISIONING_PROFILE_SPECIFIER = "";
				SWIFT_EMIT_LOC_STRINGS = YES;
				SWIFT_VERSION = 5.0;
				TARGETED_DEVICE_FAMILY = "1,2";
			};
			name = Release;
		};
		D07C90E52E20AC65000C1311 /* Debug */ = {
			isa = XCBuildConfiguration;
			buildSettings = {
				ALWAYS_SEARCH_USER_PATHS = NO;
				ASSETCATALOG_COMPILER_GENERATE_SWIFT_ASSET_SYMBOL_EXTENSIONS = YES;
				CLANG_ANALYZER_NONNULL = YES;
				CLANG_ANALYZER_NUMBER_OBJECT_CONVERSION = YES_AGGRESSIVE;
				CLANG_CXX_LANGUAGE_STANDARD = "gnu++20";
				CLANG_ENABLE_MODULES = YES;
				CLANG_ENABLE_OBJC_ARC = YES;
				CLANG_ENABLE_OBJC_WEAK = YES;
				CLANG_WARN_BLOCK_CAPTURE_AUTORELEASING = YES;
				CLANG_WARN_BOOL_CONVERSION = YES;
				CLANG_WARN_COMMA = YES;
				CLANG_WARN_CONSTANT_CONVERSION = YES;
				CLANG_WARN_DEPRECATED_OBJC_IMPLEMENTATIONS = YES;
				CLANG_WARN_DIRECT_OBJC_ISA_USAGE = YES_ERROR;
				CLANG_WARN_DOCUMENTATION_COMMENTS = YES;
				CLANG_WARN_EMPTY_BODY = YES;
				CLANG_WARN_ENUM_CONVERSION = YES;
				CLANG_WARN_INFINITE_RECURSION = YES;
				CLANG_WARN_INT_CONVERSION = YES;
				CLANG_WARN_NON_LITERAL_NULL_CONVERSION = YES;
				CLANG_WARN_OBJC_IMPLICIT_RETAIN_SELF = YES;
				CLANG_WARN_OBJC_LITERAL_CONVERSION = YES;
				CLANG_WARN_OBJC_ROOT_CLASS = YES_ERROR;
				CLANG_WARN_QUOTED_INCLUDE_IN_FRAMEWORK_HEADER = YES;
				CLANG_WARN_RANGE_LOOP_ANALYSIS = YES;
				CLANG_WARN_STRICT_PROTOTYPES = YES;
				CLANG_WARN_SUSPICIOUS_MOVE = YES;
				CLANG_WARN_UNGUARDED_AVAILABILITY = YES_AGGRESSIVE;
				CLANG_WARN_UNREACHABLE_CODE = YES;
				CLANG_WARN__DUPLICATE_METHOD_MATCH = YES;
				COPY_PHASE_STRIP = NO;
				DEBUG_INFORMATION_FORMAT = dwarf;
				ENABLE_STRICT_OBJC_MSGSEND = YES;
				ENABLE_TESTABILITY = YES;
				ENABLE_USER_SCRIPT_SANDBOXING = YES;
				GCC_C_LANGUAGE_STANDARD = gnu17;
				GCC_DYNAMIC_NO_PIC = NO;
				GCC_NO_COMMON_BLOCKS = YES;
				GCC_OPTIMIZATION_LEVEL = 0;
				GCC_PREPROCESSOR_DEFINITIONS = (
					"DEBUG=1",
					"$(inherited)",
				);
				GCC_WARN_64_TO_32_BIT_CONVERSION = YES;
				GCC_WARN_ABOUT_RETURN_TYPE = YES_ERROR;
				GCC_WARN_UNDECLARED_SELECTOR = YES;
				GCC_WARN_UNINITIALIZED_AUTOS = YES_AGGRESSIVE;
				GCC_WARN_UNUSED_FUNCTION = YES;
				GCC_WARN_UNUSED_VARIABLE = YES;
				IPHONEOS_DEPLOYMENT_TARGET = 18.1;
				LOCALIZATION_PREFERS_STRING_CATALOGS = YES;
				MTL_ENABLE_DEBUG_INFO = INCLUDE_SOURCE;
				MTL_FAST_MATH = YES;
				ONLY_ACTIVE_ARCH = YES;
				SDKROOT = iphoneos;
				SWIFT_ACTIVE_COMPILATION_CONDITIONS = "DEBUG $(inherited)";
				SWIFT_OPTIMIZATION_LEVEL = "-Onone";
			};
			name = Debug;
		};
		D07C90E62E20AC65000C1311 /* Release */ = {
			isa = XCBuildConfiguration;
			buildSettings = {
				ALWAYS_SEARCH_USER_PATHS = NO;
				ASSETCATALOG_COMPILER_GENERATE_SWIFT_ASSET_SYMBOL_EXTENSIONS = YES;
				CLANG_ANALYZER_NONNULL = YES;
				CLANG_ANALYZER_NUMBER_OBJECT_CONVERSION = YES_AGGRESSIVE;
				CLANG_CXX_LANGUAGE_STANDARD = "gnu++20";
				CLANG_ENABLE_MODULES = YES;
				CLANG_ENABLE_OBJC_ARC = YES;
				CLANG_ENABLE_OBJC_WEAK = YES;
				CLANG_WARN_BLOCK_CAPTURE_AUTORELEASING = YES;
				CLANG_WARN_BOOL_CONVERSION = YES;
				CLANG_WARN_COMMA = YES;
				CLANG_WARN_CONSTANT_CONVERSION = YES;
				CLANG_WARN_DEPRECATED_OBJC_IMPLEMENTATIONS = YES;
				CLANG_WARN_DIRECT_OBJC_ISA_USAGE = YES_ERROR;
				CLANG_WARN_DOCUMENTATION_COMMENTS = YES;
				CLANG_WARN_EMPTY_BODY = YES;
				CLANG_WARN_ENUM_CONVERSION = YES;
				CLANG_WARN_INFINITE_RECURSION = YES;
				CLANG_WARN_INT_CONVERSION = YES;
				CLANG_WARN_NON_LITERAL_NULL_CONVERSION = YES;
				CLANG_WARN_OBJC_IMPLICIT_RETAIN_SELF = YES;
				CLANG_WARN_OBJC_LITERAL_CONVERSION = YES;
				CLANG_WARN_OBJC_ROOT_CLASS = YES_ERROR;
				CLANG_WARN_QUOTED_INCLUDE_IN_FRAMEWORK_HEADER = YES;
				CLANG_WARN_RANGE_LOOP_ANALYSIS = YES;
				CLANG_WARN_STRICT_PROTOTYPES = YES;
				CLANG_WARN_SUSPICIOUS_MOVE = YES;
				CLANG_WARN_UNGUARDED_AVAILABILITY = YES_AGGRESSIVE;
				CLANG_WARN_UNREACHABLE_CODE = YES;
				CLANG_WARN__DUPLICATE_METHOD_MATCH = YES;
				COPY_PHASE_STRIP = NO;
				DEBUG_INFORMATION_FORMAT = "dwarf-with-dsym";
				ENABLE_NS_ASSERTIONS = NO;
				ENABLE_STRICT_OBJC_MSGSEND = YES;
				ENABLE_USER_SCRIPT_SANDBOXING = YES;
				GCC_C_LANGUAGE_STANDARD = gnu17;
				GCC_NO_COMMON_BLOCKS = YES;
				GCC_WARN_64_TO_32_BIT_CONVERSION = YES;
				GCC_WARN_ABOUT_RETURN_TYPE = YES_ERROR;
				GCC_WARN_UNDECLARED_SELECTOR = YES;
				GCC_WARN_UNINITIALIZED_AUTOS = YES_AGGRESSIVE;
				GCC_WARN_UNUSED_FUNCTION = YES;
				GCC_WARN_UNUSED_VARIABLE = YES;
				IPHONEOS_DEPLOYMENT_TARGET = 18.1;
				LOCALIZATION_PREFERS_STRING_CATALOGS = YES;
				MTL_ENABLE_DEBUG_INFO = NO;
				MTL_FAST_MATH = YES;
				SDKROOT = iphoneos;
				SWIFT_COMPILATION_MODE = wholemodule;
				VALIDATE_PRODUCT = YES;
			};
			name = Release;
		};
		D07C90E82E20AC65000C1311 /* Debug */ = {
			isa = XCBuildConfiguration;
			buildSettings = {
				BUNDLE_LOADER = "$(TEST_HOST)";
				CODE_SIGN_STYLE = Automatic;
				CURRENT_PROJECT_VERSION = 1;
				GENERATE_INFOPLIST_FILE = YES;
				IPHONEOS_DEPLOYMENT_TARGET = 18.1;
				MARKETING_VERSION = 1.0;
				PRODUCT_BUNDLE_IDENTIFIER = testorg.QuickMedTests;
				PRODUCT_NAME = "$(TARGET_NAME)";
				SWIFT_EMIT_LOC_STRINGS = NO;
				SWIFT_VERSION = 5.0;
				TARGETED_DEVICE_FAMILY = "1,2";
				TEST_HOST = "$(BUILT_PRODUCTS_DIR)/QuickMed.app/$(BUNDLE_EXECUTABLE_FOLDER_PATH)/QuickMed";
			};
			name = Debug;
		};
		D07C90E92E20AC65000C1311 /* Release */ = {
			isa = XCBuildConfiguration;
			buildSettings = {
				BUNDLE_LOADER = "$(TEST_HOST)";
				CODE_SIGN_STYLE = Automatic;
				CURRENT_PROJECT_VERSION = 1;
				GENERATE_INFOPLIST_FILE = YES;
				IPHONEOS_DEPLOYMENT_TARGET = 18.1;
				MARKETING_VERSION = 1.0;
				PRODUCT_BUNDLE_IDENTIFIER = testorg.QuickMedTests;
				PRODUCT_NAME = "$(TARGET_NAME)";
				SWIFT_EMIT_LOC_STRINGS = NO;
				SWIFT_VERSION = 5.0;
				TARGETED_DEVICE_FAMILY = "1,2";
				TEST_HOST = "$(BUILT_PRODUCTS_DIR)/QuickMed.app/$(BUNDLE_EXECUTABLE_FOLDER_PATH)/QuickMed";
			};
			name = Release;
		};
		D07C90EB2E20AC65000C1311 /* Debug */ = {
			isa = XCBuildConfiguration;
			buildSettings = {
				CODE_SIGN_STYLE = Automatic;
				CURRENT_PROJECT_VERSION = 1;
				GENERATE_INFOPLIST_FILE = YES;
				MARKETING_VERSION = 1.0;
				PRODUCT_BUNDLE_IDENTIFIER = testorg.QuickMedUITests;
				PRODUCT_NAME = "$(TARGET_NAME)";
				SWIFT_EMIT_LOC_STRINGS = NO;
				SWIFT_VERSION = 5.0;
				TARGETED_DEVICE_FAMILY = "1,2";
				TEST_TARGET_NAME = QuickMed;
			};
			name = Debug;
		};
		D07C90EC2E20AC65000C1311 /* Release */ = {
			isa = XCBuildConfiguration;
			buildSettings = {
				CODE_SIGN_STYLE = Automatic;
				CURRENT_PROJECT_VERSION = 1;
				GENERATE_INFOPLIST_FILE = YES;
				MARKETING_VERSION = 1.0;
				PRODUCT_BUNDLE_IDENTIFIER = testorg.QuickMedUITests;
				PRODUCT_NAME = "$(TARGET_NAME)";
				SWIFT_EMIT_LOC_STRINGS = NO;
				SWIFT_VERSION = 5.0;
				TARGETED_DEVICE_FAMILY = "1,2";
				TEST_TARGET_NAME = QuickMed;
			};
			name = Release;
		};
/* End XCBuildConfiguration section */

/* Begin XCConfigurationList section */
		D07C90B42E20AC63000C1311 /* Build configuration list for PBXProject "QuickMed" */ = {
			isa = XCConfigurationList;
			buildConfigurations = (
				D07C90E52E20AC65000C1311 /* Debug */,
				D07C90E62E20AC65000C1311 /* Release */,
			);
			defaultConfigurationIsVisible = 0;
			defaultConfigurationName = Release;
		};
		D07C90E22E20AC65000C1311 /* Build configuration list for PBXNativeTarget "QuickMed" */ = {
			isa = XCConfigurationList;
			buildConfigurations = (
				D07C90E32E20AC65000C1311 /* Debug */,
				D07C90E42E20AC65000C1311 /* Release */,
			);
			defaultConfigurationIsVisible = 0;
			defaultConfigurationName = Release;
		};
		D07C90E72E20AC65000C1311 /* Build configuration list for PBXNativeTarget "QuickMedTests" */ = {
			isa = XCConfigurationList;
			buildConfigurations = (
				D07C90E82E20AC65000C1311 /* Debug */,
				D07C90E92E20AC65000C1311 /* Release */,
			);
			defaultConfigurationIsVisible = 0;
			defaultConfigurationName = Release;
		};
		D07C90EA2E20AC65000C1311 /* Build configuration list for PBXNativeTarget "QuickMedUITests" */ = {
			isa = XCConfigurationList;
			buildConfigurations = (
				D07C90EB2E20AC65000C1311 /* Debug */,
				D07C90EC2E20AC65000C1311 /* Release */,
			);
			defaultConfigurationIsVisible = 0;
			defaultConfigurationName = Release;
		};
/* End XCConfigurationList section */
	};
	rootObject = D07C90B12E20AC63000C1311 /* Project object */;
}
